
Microsoft Visual Studio Solution File, Format Version 12.00
# Visual Studio Version 16
VisualStudioVersion = 16.0.29709.97
MinimumVisualStudioVersion = 10.0.40219.1
Project("{FAE04EC0-301F-11D3-BF4B-00C04F79EFBC}") = "HelloWorld", "HelloWorld.csproj", "{B4B258C7-E9C1-4BE9-AC32-06A587AEE768}"
EndProject
Global
	GlobalSection(SolutionConfigurationPlatforms) = preSolution
		Debug|Any CPU = Debug|Any CPU
		Release|Any CPU = Release|Any CPU
	EndGlobalSection
	GlobalSection(ProjectConfigurationPlatforms) = postSolution
		{B4B258C7-E9C1-4BE9-AC32-06A587AEE768}.Debug|Any CPU.ActiveCfg = Debug|Any CPU
		{B4B258C7-E9C1-4BE9-AC32-06A587AEE768}.Debug|Any CPU.Build.0 = Debug|Any CPU
		{B4B258C7-E9C1-4BE9-AC32-06A587AEE768}.Release|Any CPU.ActiveCfg = Release|Any CPU
		{B4B258C7-E9C1-4BE9-AC32-06A587AEE768}.Release|Any CPU.Build.0 = Release|Any CPU
	EndGlobalSection
	GlobalSection(SolutionProperties) = preSolution
		HideSolutionNode = FALSE
	EndGlobalSection
	GlobalSection(ExtensibilityGlobals) = postSolution
		SolutionGuid = {423CCD2F-AFB9-4745-AA3A-E5082E31618D}
	EndGlobalSection
EndGlobal
